# This file is autogenerated, do not edit; changes may be undone by the next 'dep ensure'.


[[projects]]
  name = "github.com/Sirupsen/logrus"
  packages = ["."]
  revision = "c155da19408a8799da419ed3eeb0cb5db0ad5dbc"
  version = "v1.0.5"

[[projects]]
  name = "github.com/kubeless/kubeless"
  packages = ["pkg/functions"]
  revision = "3bec4b65f29d830bd6709abb07e00f11fe54d646"
  version = "v0.6.0"

[[projects]]
  branch = "master"
  name = "golang.org/x/crypto"
  packages = ["ssh/terminal"]
  revision = "94e3fad7f1b4eed4ec147751ad6b4c4d33f00611"

[[projects]]
  branch = "master"
  name = "golang.org/x/net"
  packages = ["context"]
  revision = "2491c5de3490fced2f6cff376127c667efeed857"

[[projects]]
  branch = "master"
  name = "golang.org/x/sys"
  packages = [
    "unix",
    "windows"
  ]
  revision = "d0faeb539838e250bd0a9db4182d48d4a1915181"

[solve-meta]
  analyzer-name = "dep"
  analyzer-version = 1
  inputs-digest = "1ee41fe1a496c19b12981bd29d9c838dfe5f7a140d94e8bdb92c0d490424963f"
  solver-name = "gps-cdcl"
  solver-version = 1
